
Microsoft Visual Studio Solution File, Format Version 12.00
# Visual Studio Version 17
VisualStudioVersion = 17.9.34728.123
MinimumVisualStudioVersion = 10.0.40219.1
Project("{FAE04EC0-301F-11D3-BF4B-00C04F79EFBC}") = "Lab7var15", "Lab7var15\Lab7var15.csproj", "{75905247-C7DC-4802-8884-BB4AFF6414E0}"
EndProject
Global
	GlobalSection(SolutionConfigurationPlatforms) = preSolution
		Debug|Any CPU = Debug|Any CPU
		Release|Any CPU = Release|Any CPU
	EndGlobalSection
	GlobalSection(ProjectConfigurationPlatforms) = postSolution
		{75905247-C7DC-4802-8884-BB4AFF6414E0}.Debug|Any CPU.ActiveCfg = Debug|Any CPU
		{75905247-C7DC-4802-8884-BB4AFF6414E0}.Debug|Any CPU.Build.0 = Debug|Any CPU
		{75905247-C7DC-4802-8884-BB4AFF6414E0}.Release|Any CPU.ActiveCfg = Release|Any CPU
		{75905247-C7DC-4802-8884-BB4AFF6414E0}.Release|Any CPU.Build.0 = Release|Any CPU
	EndGlobalSection
	GlobalSection(SolutionProperties) = preSolution
		HideSolutionNode = FALSE
	EndGlobalSection
	GlobalSection(ExtensibilityGlobals) = postSolution
		SolutionGuid = {FF555175-3B16-4192-816B-6753CF1083C4}
	EndGlobalSection
EndGlobal
